
Microsoft Visual Studio Solution File, Format Version 12.00
# Visual Studio Version 16
VisualStudioVersion = 16.0.31229.75
MinimumVisualStudioVersion = 10.0.40219.1
Project("{9A19103F-16F7-4668-BE54-9A1E7A4F7556}") = "SalemCartographer", "SalemCartographer\SalemCartographer.csproj", "{A16DBAA3-FCAA-419B-BA48-EBE37E4C3F11}"
EndProject
Project("{2150E333-8FDC-42A3-9474-1A3956D46DE8}") = "Solution Items", "Solution Items", "{9465AE6C-50A7-40EF-9CD3-372B381816BF}"
	ProjectSection(SolutionItems) = preProject
		README.md = README.md
	EndProjectSection
EndProject
Global
	GlobalSection(SolutionConfigurationPlatforms) = preSolution
		Debug|Any CPU = Debug|Any CPU
		Release|Any CPU = Release|Any CPU
	EndGlobalSection
	GlobalSection(ProjectConfigurationPlatforms) = postSolution
		{A16DBAA3-FCAA-419B-BA48-EBE37E4C3F11}.Debug|Any CPU.ActiveCfg = Debug|Any CPU
		{A16DBAA3-FCAA-419B-BA48-EBE37E4C3F11}.Debug|Any CPU.Build.0 = Debug|Any CPU
		{A16DBAA3-FCAA-419B-BA48-EBE37E4C3F11}.Release|Any CPU.ActiveCfg = Release|Any CPU
		{A16DBAA3-FCAA-419B-BA48-EBE37E4C3F11}.Release|Any CPU.Build.0 = Release|Any CPU
	EndGlobalSection
	GlobalSection(SolutionProperties) = preSolution
		HideSolutionNode = FALSE
	EndGlobalSection
	GlobalSection(ExtensibilityGlobals) = postSolution
		SolutionGuid = {F46DF9DE-AD63-44DE-86B5-9A7CFF4D7D5E}
	EndGlobalSection
EndGlobal
